
Microsoft Visual Studio Solution File, Format Version 12.00
# Visual Studio Version 16
VisualStudioVersion = 16.0.36602.28
MinimumVisualStudioVersion = 10.0.40219.1
Project("{FAE04EC0-301F-11D3-BF4B-00C04F79EFBC}") = "SistemInformasiSurat", "SistemInformasiSurat\SistemInformasiSurat.csproj", "{FB693A8C-DFEF-4C0B-98B5-EFA810447671}"
EndProject
Global
	GlobalSection(SolutionConfigurationPlatforms) = preSolution
		Debug|Any CPU = Debug|Any CPU
		Release|Any CPU = Release|Any CPU
	EndGlobalSection
	GlobalSection(ProjectConfigurationPlatforms) = postSolution
		{FB693A8C-DFEF-4C0B-98B5-EFA810447671}.Debug|Any CPU.ActiveCfg = Debug|Any CPU
		{FB693A8C-DFEF-4C0B-98B5-EFA810447671}.Debug|Any CPU.Build.0 = Debug|Any CPU
		{FB693A8C-DFEF-4C0B-98B5-EFA810447671}.Release|Any CPU.ActiveCfg = Release|Any CPU
		{FB693A8C-DFEF-4C0B-98B5-EFA810447671}.Release|Any CPU.Build.0 = Release|Any CPU
	EndGlobalSection
	GlobalSection(SolutionProperties) = preSolution
		HideSolutionNode = FALSE
	EndGlobalSection
	GlobalSection(ExtensibilityGlobals) = postSolution
		SolutionGuid = {E68C01CF-85BD-434A-A685-6315D8A9A568}
	EndGlobalSection
EndGlobal
